// !$*UTF8*$!
{
	archiveVersion = 1;
	classes = {
	};
	objectVersion = 50;
	objects = {

/* Begin PBXBuildFile section */
		2447412ED9D3DB9688F93898 /* Pods_BingeWorthyTests.framework in Frameworks */ = {isa = PBXBuildFile; fileRef = 1D5D107E35ADE4BB32BCE0CA /* Pods_BingeWorthyTests.framework */; };
		45D59A8094B7687B95AA70D5 /* Pods_BingeWorthy.framework in Frameworks */ = {isa = PBXBuildFile; fileRef = 4C10E03138BC684F7915BED7 /* Pods_BingeWorthy.framework */; };
		667E3152337EAF93496A004C /* Pods_BingeWorthyUITests.framework in Frameworks */ = {isa = PBXBuildFile; fileRef = 2A8F621263833ABB547EE6EA /* Pods_BingeWorthyUITests.framework */; };
		B4383F9B21E2D63300F94D25 /* DiscoverInfoController.swift in Sources */ = {isa = PBXBuildFile; fileRef = B4383F9A21E2D63300F94D25 /* DiscoverInfoController.swift */; };
		B4383F9F21E2D7C600F94D25 /* NewMoviesTableVIewCell.swift in Sources */ = {isa = PBXBuildFile; fileRef = B4383F9E21E2D7C600F94D25 /* NewMoviesTableVIewCell.swift */; };
		B458C2E72169134C0006B5AC /* AppDelegate.swift in Sources */ = {isa = PBXBuildFile; fileRef = B458C2E62169134C0006B5AC /* AppDelegate.swift */; };
		B458C2EE2169134E0006B5AC /* Assets.xcassets in Resources */ = {isa = PBXBuildFile; fileRef = B458C2ED2169134E0006B5AC /* Assets.xcassets */; };
		B458C2F12169134E0006B5AC /* LaunchScreen.storyboard in Resources */ = {isa = PBXBuildFile; fileRef = B458C2EF2169134E0006B5AC /* LaunchScreen.storyboard */; };
		B458C2FC2169134E0006B5AC /* BingeWorthyTests.swift in Sources */ = {isa = PBXBuildFile; fileRef = B458C2FB2169134E0006B5AC /* BingeWorthyTests.swift */; };
		B458C3072169134E0006B5AC /* BingeWorthyUITests.swift in Sources */ = {isa = PBXBuildFile; fileRef = B458C3062169134E0006B5AC /* BingeWorthyUITests.swift */; };
		B49BDE2921DF104E00311FCC /* DiscoverHomeController.swift in Sources */ = {isa = PBXBuildFile; fileRef = B49BDE2821DF104E00311FCC /* DiscoverHomeController.swift */; };
		B4AA95772173DAD7006FC632 /* Movie.swift in Sources */ = {isa = PBXBuildFile; fileRef = B4AA95762173DAD7006FC632 /* Movie.swift */; };
		B4D40D4921F679B600C1D256 /* MovieServer.swift in Sources */ = {isa = PBXBuildFile; fileRef = B4D40D4821F679B600C1D256 /* MovieServer.swift */; };
		B4D40D4F21F68BA600C1D256 /* HomeController.swift in Sources */ = {isa = PBXBuildFile; fileRef = B4D40D4E21F68BA600C1D256 /* HomeController.swift */; };
/* End PBXBuildFile section */

/* Begin PBXContainerItemProxy section */
		B458C2F82169134E0006B5AC /* PBXContainerItemProxy */ = {
			isa = PBXContainerItemProxy;
			containerPortal = B458C2DB2169134C0006B5AC /* Project object */;
			proxyType = 1;
			remoteGlobalIDString = B458C2E22169134C0006B5AC;
			remoteInfo = BingeWorthy;
		};
		B458C3032169134E0006B5AC /* PBXContainerItemProxy */ = {
			isa = PBXContainerItemProxy;
			containerPortal = B458C2DB2169134C0006B5AC /* Project object */;
			proxyType = 1;
			remoteGlobalIDString = B458C2E22169134C0006B5AC;
			remoteInfo = BingeWorthy;
		};
/* End PBXContainerItemProxy section */

/* Begin PBXFileReference section */
		11FB09ACFFD894EB484006D7 /* Pods-BingeWorthy.release.xcconfig */ = {isa = PBXFileReference; includeInIndex = 1; lastKnownFileType = text.xcconfig; name = "Pods-BingeWorthy.release.xcconfig"; path = "Pods/Target Support Files/Pods-BingeWorthy/Pods-BingeWorthy.release.xcconfig"; sourceTree = "<group>"; };
		1B0CAB5DAE2F54DB7F94702A /* Pods-BingeWorthyUITests.debug.xcconfig */ = {isa = PBXFileReference; includeInIndex = 1; lastKnownFileType = text.xcconfig; name = "Pods-BingeWorthyUITests.debug.xcconfig"; path = "Pods/Target Support Files/Pods-BingeWorthyUITests/Pods-BingeWorthyUITests.debug.xcconfig"; sourceTree = "<group>"; };
		1D5D107E35ADE4BB32BCE0CA /* Pods_BingeWorthyTests.framework */ = {isa = PBXFileReference; explicitFileType = wrapper.framework; includeInIndex = 0; path = Pods_BingeWorthyTests.framework; sourceTree = BUILT_PRODUCTS_DIR; };
		2A8F621263833ABB547EE6EA /* Pods_BingeWorthyUITests.framework */ = {isa = PBXFileReference; explicitFileType = wrapper.framework; includeInIndex = 0; path = Pods_BingeWorthyUITests.framework; sourceTree = BUILT_PRODUCTS_DIR; };
		410D2C3349DB98C413330885 /* Pods-BingeWorthy.debug.xcconfig */ = {isa = PBXFileReference; includeInIndex = 1; lastKnownFileType = text.xcconfig; name = "Pods-BingeWorthy.debug.xcconfig"; path = "Pods/Target Support Files/Pods-BingeWorthy/Pods-BingeWorthy.debug.xcconfig"; sourceTree = "<group>"; };
		4C10E03138BC684F7915BED7 /* Pods_BingeWorthy.framework */ = {isa = PBXFileReference; explicitFileType = wrapper.framework; includeInIndex = 0; path = Pods_BingeWorthy.framework; sourceTree = BUILT_PRODUCTS_DIR; };
		93265F1988E0448A13EBF5A8 /* Pods-BingeWorthyTests.debug.xcconfig */ = {isa = PBXFileReference; includeInIndex = 1; lastKnownFileType = text.xcconfig; name = "Pods-BingeWorthyTests.debug.xcconfig"; path = "Pods/Target Support Files/Pods-BingeWorthyTests/Pods-BingeWorthyTests.debug.xcconfig"; sourceTree = "<group>"; };
		B4383F9A21E2D63300F94D25 /* DiscoverInfoController.swift */ = {isa = PBXFileReference; lastKnownFileType = sourcecode.swift; path = DiscoverInfoController.swift; sourceTree = "<group>"; };
		B4383F9E21E2D7C600F94D25 /* NewMoviesTableVIewCell.swift */ = {isa = PBXFileReference; lastKnownFileType = sourcecode.swift; path = NewMoviesTableVIewCell.swift; sourceTree = "<group>"; };
		B458C2E32169134C0006B5AC /* BingeWorthy.app */ = {isa = PBXFileReference; explicitFileType = wrapper.application; includeInIndex = 0; path = BingeWorthy.app; sourceTree = BUILT_PRODUCTS_DIR; };
		B458C2E62169134C0006B5AC /* AppDelegate.swift */ = {isa = PBXFileReference; lastKnownFileType = sourcecode.swift; path = AppDelegate.swift; sourceTree = "<group>"; };
		B458C2ED2169134E0006B5AC /* Assets.xcassets */ = {isa = PBXFileReference; lastKnownFileType = folder.assetcatalog; path = Assets.xcassets; sourceTree = "<group>"; };
		B458C2F02169134E0006B5AC /* Base */ = {isa = PBXFileReference; lastKnownFileType = file.storyboard; name = Base; path = Base.lproj/LaunchScreen.storyboard; sourceTree = "<group>"; };
		B458C2F22169134E0006B5AC /* Info.plist */ = {isa = PBXFileReference; lastKnownFileType = text.plist.xml; path = Info.plist; sourceTree = "<group>"; };
		B458C2F72169134E0006B5AC /* BingeWorthyTests.xctest */ = {isa = PBXFileReference; explicitFileType = wrapper.cfbundle; includeInIndex = 0; path = BingeWorthyTests.xctest; sourceTree = BUILT_PRODUCTS_DIR; };
		B458C2FB2169134E0006B5AC /* BingeWorthyTests.swift */ = {isa = PBXFileReference; lastKnownFileType = sourcecode.swift; path = BingeWorthyTests.swift; sourceTree = "<group>"; };
		B458C2FD2169134E0006B5AC /* Info.plist */ = {isa = PBXFileReference; lastKnownFileType = text.plist.xml; path = Info.plist; sourceTree = "<group>"; };
		B458C3022169134E0006B5AC /* BingeWorthyUITests.xctest */ = {isa = PBXFileReference; explicitFileType = wrapper.cfbundle; includeInIndex = 0; path = BingeWorthyUITests.xctest; sourceTree = BUILT_PRODUCTS_DIR; };
		B458C3062169134E0006B5AC /* BingeWorthyUITests.swift */ = {isa = PBXFileReference; lastKnownFileType = sourcecode.swift; path = BingeWorthyUITests.swift; sourceTree = "<group>"; };
		B458C3082169134E0006B5AC /* Info.plist */ = {isa = PBXFileReference; lastKnownFileType = text.plist.xml; path = Info.plist; sourceTree = "<group>"; };
		B49BDE2821DF104E00311FCC /* DiscoverHomeController.swift */ = {isa = PBXFileReference; lastKnownFileType = sourcecode.swift; path = DiscoverHomeController.swift; sourceTree = "<group>"; };
		B4AA95762173DAD7006FC632 /* Movie.swift */ = {isa = PBXFileReference; lastKnownFileType = sourcecode.swift; path = Movie.swift; sourceTree = "<group>"; };
		B4D40D4821F679B600C1D256 /* MovieServer.swift */ = {isa = PBXFileReference; lastKnownFileType = sourcecode.swift; path = MovieServer.swift; sourceTree = "<group>"; };
		B4D40D4E21F68BA600C1D256 /* HomeController.swift */ = {isa = PBXFileReference; lastKnownFileType = sourcecode.swift; path = HomeController.swift; sourceTree = "<group>"; };
		EE105045F68CEAFF8F6482CD /* Pods-BingeWorthyTests.release.xcconfig */ = {isa = PBXFileReference; includeInIndex = 1; lastKnownFileType = text.xcconfig; name = "Pods-BingeWorthyTests.release.xcconfig"; path = "Pods/Target Support Files/Pods-BingeWorthyTests/Pods-BingeWorthyTests.release.xcconfig"; sourceTree = "<group>"; };
		F51191D99DFAEB7C5ADAACDA /* Pods-BingeWorthyUITests.release.xcconfig */ = {isa = PBXFileReference; includeInIndex = 1; lastKnownFileType = text.xcconfig; name = "Pods-BingeWorthyUITests.release.xcconfig"; path = "Pods/Target Support Files/Pods-BingeWorthyUITests/Pods-BingeWorthyUITests.release.xcconfig"; sourceTree = "<group>"; };
/* End PBXFileReference section */

/* Begin PBXFrameworksBuildPhase section */
		B458C2E02169134C0006B5AC /* Frameworks */ = {
			isa = PBXFrameworksBuildPhase;
			buildActionMask = 2147483647;
			files = (
				45D59A8094B7687B95AA70D5 /* Pods_BingeWorthy.framework in Frameworks */,
			);
			runOnlyForDeploymentPostprocessing = 0;
		};
		B458C2F42169134E0006B5AC /* Frameworks */ = {
			isa = PBXFrameworksBuildPhase;
			buildActionMask = 2147483647;
			files = (
				2447412ED9D3DB9688F93898 /* Pods_BingeWorthyTests.framework in Frameworks */,
			);
			runOnlyForDeploymentPostprocessing = 0;
		};
		B458C2FF2169134E0006B5AC /* Frameworks */ = {
			isa = PBXFrameworksBuildPhase;
			buildActionMask = 2147483647;
			files = (
				667E3152337EAF93496A004C /* Pods_BingeWorthyUITests.framework in Frameworks */,
			);
			runOnlyForDeploymentPostprocessing = 0;
		};
/* End PBXFrameworksBuildPhase section */

/* Begin PBXGroup section */
		61B32010212D3D9B7F08C78D /* Frameworks */ = {
			isa = PBXGroup;
			children = (
				4C10E03138BC684F7915BED7 /* Pods_BingeWorthy.framework */,
				1D5D107E35ADE4BB32BCE0CA /* Pods_BingeWorthyTests.framework */,
				2A8F621263833ABB547EE6EA /* Pods_BingeWorthyUITests.framework */,
			);
			name = Frameworks;
			sourceTree = "<group>";
		};
		B4383F9D21E2D79400F94D25 /* DiscoverNewMovies */ = {
			isa = PBXGroup;
			children = (
				B49BDE2821DF104E00311FCC /* DiscoverHomeController.swift */,
				B4383F9A21E2D63300F94D25 /* DiscoverInfoController.swift */,
				B4383F9E21E2D7C600F94D25 /* NewMoviesTableVIewCell.swift */,
			);
			path = DiscoverNewMovies;
			sourceTree = "<group>";
		};
		B458C2DA2169134C0006B5AC = {
			isa = PBXGroup;
			children = (
				B458C2E52169134C0006B5AC /* BingeWorthy */,
				B458C2FA2169134E0006B5AC /* BingeWorthyTests */,
				B458C3052169134E0006B5AC /* BingeWorthyUITests */,
				B458C2E42169134C0006B5AC /* Products */,
				C4A76F27EED2B0E0DB168802 /* Pods */,
				61B32010212D3D9B7F08C78D /* Frameworks */,
			);
			sourceTree = "<group>";
		};
		B458C2E42169134C0006B5AC /* Products */ = {
			isa = PBXGroup;
			children = (
				B458C2E32169134C0006B5AC /* BingeWorthy.app */,
				B458C2F72169134E0006B5AC /* BingeWorthyTests.xctest */,
				B458C3022169134E0006B5AC /* BingeWorthyUITests.xctest */,
			);
			name = Products;
			sourceTree = "<group>";
		};
		B458C2E52169134C0006B5AC /* BingeWorthy */ = {
			isa = PBXGroup;
			children = (
				B458C2E62169134C0006B5AC /* AppDelegate.swift */,
				B49BDE2A21DF183700311FCC /* Classes */,
				B4AA95732173D747006FC632 /* ViewControllers */,
				B458C2ED2169134E0006B5AC /* Assets.xcassets */,
				B458C2EF2169134E0006B5AC /* LaunchScreen.storyboard */,
				B458C2F22169134E0006B5AC /* Info.plist */,
			);
			path = BingeWorthy;
			sourceTree = "<group>";
		};
		B458C2FA2169134E0006B5AC /* BingeWorthyTests */ = {
			isa = PBXGroup;
			children = (
				B458C2FB2169134E0006B5AC /* BingeWorthyTests.swift */,
				B458C2FD2169134E0006B5AC /* Info.plist */,
			);
			path = BingeWorthyTests;
			sourceTree = "<group>";
		};
		B458C3052169134E0006B5AC /* BingeWorthyUITests */ = {
			isa = PBXGroup;
			children = (
				B458C3062169134E0006B5AC /* BingeWorthyUITests.swift */,
				B458C3082169134E0006B5AC /* Info.plist */,
			);
			path = BingeWorthyUITests;
			sourceTree = "<group>";
		};
		B49BDE2A21DF183700311FCC /* Classes */ = {
			isa = PBXGroup;
			children = (
				B4AA95762173DAD7006FC632 /* Movie.swift */,
				B4D40D4821F679B600C1D256 /* MovieServer.swift */,
			);
			path = Classes;
			sourceTree = "<group>";
		};
		B4AA95732173D747006FC632 /* ViewControllers */ = {
			isa = PBXGroup;
			children = (
				B4383F9D21E2D79400F94D25 /* DiscoverNewMovies */,
				B4D40D4E21F68BA600C1D256 /* HomeController.swift */,
			);
			path = ViewControllers;
			sourceTree = "<group>";
		};
		C4A76F27EED2B0E0DB168802 /* Pods */ = {
			isa = PBXGroup;
			children = (
				410D2C3349DB98C413330885 /* Pods-BingeWorthy.debug.xcconfig */,
				11FB09ACFFD894EB484006D7 /* Pods-BingeWorthy.release.xcconfig */,
				93265F1988E0448A13EBF5A8 /* Pods-BingeWorthyTests.debug.xcconfig */,
				EE105045F68CEAFF8F6482CD /* Pods-BingeWorthyTests.release.xcconfig */,
				1B0CAB5DAE2F54DB7F94702A /* Pods-BingeWorthyUITests.debug.xcconfig */,
				F51191D99DFAEB7C5ADAACDA /* Pods-BingeWorthyUITests.release.xcconfig */,
			);
			name = Pods;
			sourceTree = "<group>";
		};
/* End PBXGroup section */

/* Begin PBXNativeTarget section */
		B458C2E22169134C0006B5AC /* BingeWorthy */ = {
			isa = PBXNativeTarget;
			buildConfigurationList = B458C30B2169134E0006B5AC /* Build configuration list for PBXNativeTarget "BingeWorthy" */;
			buildPhases = (
				CD4AB2B6EC2CA3574F9D8C4B /* [CP] Check Pods Manifest.lock */,
				B458C2DF2169134C0006B5AC /* Sources */,
				B458C2E02169134C0006B5AC /* Frameworks */,
				B458C2E12169134C0006B5AC /* Resources */,
				67025B51F4A9732FD6B52A81 /* [CP] Embed Pods Frameworks */,
			);
			buildRules = (
			);
			dependencies = (
			);
			name = BingeWorthy;
			productName = BingeWorthy;
			productReference = B458C2E32169134C0006B5AC /* BingeWorthy.app */;
			productType = "com.apple.product-type.application";
		};
		B458C2F62169134E0006B5AC /* BingeWorthyTests */ = {
			isa = PBXNativeTarget;
			buildConfigurationList = B458C30E2169134E0006B5AC /* Build configuration list for PBXNativeTarget "BingeWorthyTests" */;
			buildPhases = (
				0B18ECD17BEFB500A0A9BF7D /* [CP] Check Pods Manifest.lock */,
				B458C2F32169134E0006B5AC /* Sources */,
				B458C2F42169134E0006B5AC /* Frameworks */,
				B458C2F52169134E0006B5AC /* Resources */,
			);
			buildRules = (
			);
			dependencies = (
				B458C2F92169134E0006B5AC /* PBXTargetDependency */,
			);
			name = BingeWorthyTests;
			productName = BingeWorthyTests;
			productReference = B458C2F72169134E0006B5AC /* BingeWorthyTests.xctest */;
			productType = "com.apple.product-type.bundle.unit-test";
		};
		B458C3012169134E0006B5AC /* BingeWorthyUITests */ = {
			isa = PBXNativeTarget;
			buildConfigurationList = B458C3112169134E0006B5AC /* Build configuration list for PBXNativeTarget "BingeWorthyUITests" */;
			buildPhases = (
				B86A369BC01B52BE9816DAE4 /* [CP] Check Pods Manifest.lock */,
				B458C2FE2169134E0006B5AC /* Sources */,
				B458C2FF2169134E0006B5AC /* Frameworks */,
				B458C3002169134E0006B5AC /* Resources */,
			);
			buildRules = (
			);
			dependencies = (
				B458C3042169134E0006B5AC /* PBXTargetDependency */,
			);
			name = BingeWorthyUITests;
			productName = BingeWorthyUITests;
			productReference = B458C3022169134E0006B5AC /* BingeWorthyUITests.xctest */;
			productType = "com.apple.product-type.bundle.ui-testing";
		};
/* End PBXNativeTarget section */

/* Begin PBXProject section */
		B458C2DB2169134C0006B5AC /* Project object */ = {
			isa = PBXProject;
			attributes = {
				LastSwiftUpdateCheck = 1000;
				LastUpgradeCheck = 1000;
				ORGANIZATIONNAME = Jcole;
				TargetAttributes = {
					B458C2E22169134C0006B5AC = {
						CreatedOnToolsVersion = 10.0;
					};
					B458C2F62169134E0006B5AC = {
						CreatedOnToolsVersion = 10.0;
						TestTargetID = B458C2E22169134C0006B5AC;
					};
					B458C3012169134E0006B5AC = {
						CreatedOnToolsVersion = 10.0;
						TestTargetID = B458C2E22169134C0006B5AC;
					};
				};
			};
			buildConfigurationList = B458C2DE2169134C0006B5AC /* Build configuration list for PBXProject "BingeWorthy" */;
			compatibilityVersion = "Xcode 9.3";
			developmentRegion = en;
			hasScannedForEncodings = 0;
			knownRegions = (
				en,
				Base,
			);
			mainGroup = B458C2DA2169134C0006B5AC;
			productRefGroup = B458C2E42169134C0006B5AC /* Products */;
			projectDirPath = "";
			projectRoot = "";
			targets = (
				B458C2E22169134C0006B5AC /* BingeWorthy */,
				B458C2F62169134E0006B5AC /* BingeWorthyTests */,
				B458C3012169134E0006B5AC /* BingeWorthyUITests */,
			);
		};
/* End PBXProject section */

/* Begin PBXResourcesBuildPhase section */
		B458C2E12169134C0006B5AC /* Resources */ = {
			isa = PBXResourcesBuildPhase;
			buildActionMask = 2147483647;
			files = (
				B458C2F12169134E0006B5AC /* LaunchScreen.storyboard in Resources */,
				B458C2EE2169134E0006B5AC /* Assets.xcassets in Resources */,
			);
			runOnlyForDeploymentPostprocessing = 0;
		};
		B458C2F52169134E0006B5AC /* Resources */ = {
			isa = PBXResourcesBuildPhase;
			buildActionMask = 2147483647;
			files = (
			);
			runOnlyForDeploymentPostprocessing = 0;
		};
		B458C3002169134E0006B5AC /* Resources */ = {
			isa = PBXResourcesBuildPhase;
			buildActionMask = 2147483647;
			files = (
			);
			runOnlyForDeploymentPostprocessing = 0;
		};
/* End PBXResourcesBuildPhase section */

/* Begin PBXShellScriptBuildPhase section */
		0B18ECD17BEFB500A0A9BF7D /* [CP] Check Pods Manifest.lock */ = {
			isa = PBXShellScriptBuildPhase;
			buildActionMask = 2147483647;
			files = (
			);
			inputFileListPaths = (
			);
			inputPaths = (
				"${PODS_PODFILE_DIR_PATH}/Podfile.lock",
				"${PODS_ROOT}/Manifest.lock",
			);
			name = "[CP] Check Pods Manifest.lock";
			outputFileListPaths = (
			);
			outputPaths = (
				"$(DERIVED_FILE_DIR)/Pods-BingeWorthyTests-checkManifestLockResult.txt",
			);
			runOnlyForDeploymentPostprocessing = 0;
			shellPath = /bin/sh;
			shellScript = "diff \"${PODS_PODFILE_DIR_PATH}/Podfile.lock\" \"${PODS_ROOT}/Manifest.lock\" > /dev/null\nif [ $? != 0 ] ; then\n    # print error to STDERR\n    echo \"error: The sandbox is not in sync with the Podfile.lock. Run 'pod install' or update your CocoaPods installation.\" >&2\n    exit 1\nfi\n# This output is used by Xcode 'outputs' to avoid re-running this script phase.\necho \"SUCCESS\" > \"${SCRIPT_OUTPUT_FILE_0}\"\n";
			showEnvVarsInLog = 0;
		};
		67025B51F4A9732FD6B52A81 /* [CP] Embed Pods Frameworks */ = {
			isa = PBXShellScriptBuildPhase;
			buildActionMask = 2147483647;
			files = (
			);
			inputFileListPaths = (
			);
			inputPaths = (
				"${SRCROOT}/Pods/Target Support Files/Pods-BingeWorthy/Pods-BingeWorthy-frameworks.sh",
				"${BUILT_PRODUCTS_DIR}/Alamofire/Alamofire.framework",
				"${BUILT_PRODUCTS_DIR}/Haneke/Haneke.framework",
				"${BUILT_PRODUCTS_DIR}/SnapKit/SnapKit.framework",
				"${BUILT_PRODUCTS_DIR}/SwiftyJSON/SwiftyJSON.framework",
			);
			name = "[CP] Embed Pods Frameworks";
			outputFileListPaths = (
			);
			outputPaths = (
				"${TARGET_BUILD_DIR}/${FRAMEWORKS_FOLDER_PATH}/Alamofire.framework",
				"${TARGET_BUILD_DIR}/${FRAMEWORKS_FOLDER_PATH}/Haneke.framework",
				"${TARGET_BUILD_DIR}/${FRAMEWORKS_FOLDER_PATH}/SnapKit.framework",
				"${TARGET_BUILD_DIR}/${FRAMEWORKS_FOLDER_PATH}/SwiftyJSON.framework",
			);
			runOnlyForDeploymentPostprocessing = 0;
			shellPath = /bin/sh;
			shellScript = "\"${SRCROOT}/Pods/Target Support Files/Pods-BingeWorthy/Pods-BingeWorthy-frameworks.sh\"\n";
			showEnvVarsInLog = 0;
		};
		B86A369BC01B52BE9816DAE4 /* [CP] Check Pods Manifest.lock */ = {
			isa = PBXShellScriptBuildPhase;
			buildActionMask = 2147483647;
			files = (
			);
			inputFileListPaths = (
			);
			inputPaths = (
				"${PODS_PODFILE_DIR_PATH}/Podfile.lock",
				"${PODS_ROOT}/Manifest.lock",
			);
			name = "[CP] Check Pods Manifest.lock";
			outputFileListPaths = (
			);
			outputPaths = (
				"$(DERIVED_FILE_DIR)/Pods-BingeWorthyUITests-checkManifestLockResult.txt",
			);
			runOnlyForDeploymentPostprocessing = 0;
			shellPath = /bin/sh;
			shellScript = "diff \"${PODS_PODFILE_DIR_PATH}/Podfile.lock\" \"${PODS_ROOT}/Manifest.lock\" > /dev/null\nif [ $? != 0 ] ; then\n    # print error to STDERR\n    echo \"error: The sandbox is not in sync with the Podfile.lock. Run 'pod install' or update your CocoaPods installation.\" >&2\n    exit 1\nfi\n# This output is used by Xcode 'outputs' to avoid re-running this script phase.\necho \"SUCCESS\" > \"${SCRIPT_OUTPUT_FILE_0}\"\n";
			showEnvVarsInLog = 0;
		};
		CD4AB2B6EC2CA3574F9D8C4B /* [CP] Check Pods Manifest.lock */ = {
			isa = PBXShellScriptBuildPhase;
			buildActionMask = 2147483647;
			files = (
			);
			inputFileListPaths = (
			);
			inputPaths = (
				"${PODS_PODFILE_DIR_PATH}/Podfile.lock",
				"${PODS_ROOT}/Manifest.lock",
			);
			name = "[CP] Check Pods Manifest.lock";
			outputFileListPaths = (
			);
			outputPaths = (
				"$(DERIVED_FILE_DIR)/Pods-BingeWorthy-checkManifestLockResult.txt",
			);
			runOnlyForDeploymentPostprocessing = 0;
			shellPath = /bin/sh;
			shellScript = "diff \"${PODS_PODFILE_DIR_PATH}/Podfile.lock\" \"${PODS_ROOT}/Manifest.lock\" > /dev/null\nif [ $? != 0 ] ; then\n    # print error to STDERR\n    echo \"error: The sandbox is not in sync with the Podfile.lock. Run 'pod install' or update your CocoaPods installation.\" >&2\n    exit 1\nfi\n# This output is used by Xcode 'outputs' to avoid re-running this script phase.\necho \"SUCCESS\" > \"${SCRIPT_OUTPUT_FILE_0}\"\n";
			showEnvVarsInLog = 0;
		};
/* End PBXShellScriptBuildPhase section */

/* Begin PBXSourcesBuildPhase section */
		B458C2DF2169134C0006B5AC /* Sources */ = {
			isa = PBXSourcesBuildPhase;
			buildActionMask = 2147483647;
			files = (
				B4D40D4921F679B600C1D256 /* MovieServer.swift in Sources */,
				B4383F9B21E2D63300F94D25 /* DiscoverInfoController.swift in Sources */,
				B4D40D4F21F68BA600C1D256 /* HomeController.swift in Sources */,
				B49BDE2921DF104E00311FCC /* DiscoverHomeController.swift in Sources */,
				B4AA95772173DAD7006FC632 /* Movie.swift in Sources */,
				B458C2E72169134C0006B5AC /* AppDelegate.swift in Sources */,
				B4383F9F21E2D7C600F94D25 /* NewMoviesTableVIewCell.swift in Sources */,
			);
			runOnlyForDeploymentPostprocessing = 0;
		};
		B458C2F32169134E0006B5AC /* Sources */ = {
			isa = PBXSourcesBuildPhase;
			buildActionMask = 2147483647;
			files = (
				B458C2FC2169134E0006B5AC /* BingeWorthyTests.swift in Sources */,
			);
			runOnlyForDeploymentPostprocessing = 0;
		};
		B458C2FE2169134E0006B5AC /* Sources */ = {
			isa = PBXSourcesBuildPhase;
			buildActionMask = 2147483647;
			files = (
				B458C3072169134E0006B5AC /* BingeWorthyUITests.swift in Sources */,
			);
			runOnlyForDeploymentPostprocessing = 0;
		};
/* End PBXSourcesBuildPhase section */

/* Begin PBXTargetDependency section */
		B458C2F92169134E0006B5AC /* PBXTargetDependency */ = {
			isa = PBXTargetDependency;
			target = B458C2E22169134C0006B5AC /* BingeWorthy */;
			targetProxy = B458C2F82169134E0006B5AC /* PBXContainerItemProxy */;
		};
		B458C3042169134E0006B5AC /* PBXTargetDependency */ = {
			isa = PBXTargetDependency;
			target = B458C2E22169134C0006B5AC /* BingeWorthy */;
			targetProxy = B458C3032169134E0006B5AC /* PBXContainerItemProxy */;
		};
/* End PBXTargetDependency section */

/* Begin PBXVariantGroup section */
		B458C2EF2169134E0006B5AC /* LaunchScreen.storyboard */ = {
			isa = PBXVariantGroup;
			children = (
				B458C2F02169134E0006B5AC /* Base */,
			);
			name = LaunchScreen.storyboard;
			sourceTree = "<group>";
		};
/* End PBXVariantGroup section */

/* Begin XCBuildConfiguration section */
		B458C3092169134E0006B5AC /* Debug */ = {
			isa = XCBuildConfiguration;
			buildSettings = {
				ALWAYS_SEARCH_USER_PATHS = NO;
				CLANG_ANALYZER_NONNULL = YES;
				CLANG_ANALYZER_NUMBER_OBJECT_CONVERSION = YES_AGGRESSIVE;
				CLANG_CXX_LANGUAGE_STANDARD = "gnu++14";
				CLANG_CXX_LIBRARY = "libc++";
				CLANG_ENABLE_MODULES = YES;
				CLANG_ENABLE_OBJC_ARC = YES;
				CLANG_ENABLE_OBJC_WEAK = YES;
				CLANG_WARN_BLOCK_CAPTURE_AUTORELEASING = YES;
				CLANG_WARN_BOOL_CONVERSION = YES;
				CLANG_WARN_COMMA = YES;
				CLANG_WARN_CONSTANT_CONVERSION = YES;
				CLANG_WARN_DEPRECATED_OBJC_IMPLEMENTATIONS = YES;
				CLANG_WARN_DIRECT_OBJC_ISA_USAGE = YES_ERROR;
				CLANG_WARN_DOCUMENTATION_COMMENTS = YES;
				CLANG_WARN_EMPTY_BODY = YES;
				CLANG_WARN_ENUM_CONVERSION = YES;
				CLANG_WARN_INFINITE_RECURSION = YES;
				CLANG_WARN_INT_CONVERSION = YES;
				CLANG_WARN_NON_LITERAL_NULL_CONVERSION = YES;
				CLANG_WARN_OBJC_IMPLICIT_RETAIN_SELF = YES;
				CLANG_WARN_OBJC_LITERAL_CONVERSION = YES;
				CLANG_WARN_OBJC_ROOT_CLASS = YES_ERROR;
				CLANG_WARN_RANGE_LOOP_ANALYSIS = YES;
				CLANG_WARN_STRICT_PROTOTYPES = YES;
				CLANG_WARN_SUSPICIOUS_MOVE = YES;
				CLANG_WARN_UNGUARDED_AVAILABILITY = YES_AGGRESSIVE;
				CLANG_WARN_UNREACHABLE_CODE = YES;
				CLANG_WARN__DUPLICATE_METHOD_MATCH = YES;
				CODE_SIGN_IDENTITY = "iPhone Developer";
				COPY_PHASE_STRIP = NO;
				DEBUG_INFORMATION_FORMAT = dwarf;
				ENABLE_STRICT_OBJC_MSGSEND = YES;
				ENABLE_TESTABILITY = YES;
				GCC_C_LANGUAGE_STANDARD = gnu11;
				GCC_DYNAMIC_NO_PIC = NO;
				GCC_NO_COMMON_BLOCKS = YES;
				GCC_OPTIMIZATION_LEVEL = 0;
				GCC_PREPROCESSOR_DEFINITIONS = (
					"DEBUG=1",
					"$(inherited)",
				);
				GCC_WARN_64_TO_32_BIT_CONVERSION = YES;
				GCC_WARN_ABOUT_RETURN_TYPE = YES_ERROR;
				GCC_WARN_UNDECLARED_SELECTOR = YES;
				GCC_WARN_UNINITIALIZED_AUTOS = YES_AGGRESSIVE;
				GCC_WARN_UNUSED_FUNCTION = YES;
				GCC_WARN_UNUSED_VARIABLE = YES;
				IPHONEOS_DEPLOYMENT_TARGET = 12.0;
				MTL_ENABLE_DEBUG_INFO = INCLUDE_SOURCE;
				MTL_FAST_MATH = YES;
				ONLY_ACTIVE_ARCH = YES;
				SDKROOT = iphoneos;
				SWIFT_ACTIVE_COMPILATION_CONDITIONS = DEBUG;
				SWIFT_OPTIMIZATION_LEVEL = "-Onone";
			};
			name = Debug;
		};
		B458C30A2169134E0006B5AC /* Release */ = {
			isa = XCBuildConfiguration;
			buildSettings = {
				ALWAYS_SEARCH_USER_PATHS = NO;
				CLANG_ANALYZER_NONNULL = YES;
				CLANG_ANALYZER_NUMBER_OBJECT_CONVERSION = YES_AGGRESSIVE;
				CLANG_CXX_LANGUAGE_STANDARD = "gnu++14";
				CLANG_CXX_LIBRARY = "libc++";
				CLANG_ENABLE_MODULES = YES;
				CLANG_ENABLE_OBJC_ARC = YES;
				CLANG_ENABLE_OBJC_WEAK = YES;
				CLANG_WARN_BLOCK_CAPTURE_AUTORELEASING = YES;
				CLANG_WARN_BOOL_CONVERSION = YES;
				CLANG_WARN_COMMA = YES;
				CLANG_WARN_CONSTANT_CONVERSION = YES;
				CLANG_WARN_DEPRECATED_OBJC_IMPLEMENTATIONS = YES;
				CLANG_WARN_DIRECT_OBJC_ISA_USAGE = YES_ERROR;
				CLANG_WARN_DOCUMENTATION_COMMENTS = YES;
				CLANG_WARN_EMPTY_BODY = YES;
				CLANG_WARN_ENUM_CONVERSION = YES;
				CLANG_WARN_INFINITE_RECURSION = YES;
				CLANG_WARN_INT_CONVERSION = YES;
				CLANG_WARN_NON_LITERAL_NULL_CONVERSION = YES;
				CLANG_WARN_OBJC_IMPLICIT_RETAIN_SELF = YES;
				CLANG_WARN_OBJC_LITERAL_CONVERSION = YES;
				CLANG_WARN_OBJC_ROOT_CLASS = YES_ERROR;
				CLANG_WARN_RANGE_LOOP_ANALYSIS = YES;
				CLANG_WARN_STRICT_PROTOTYPES = YES;
				CLANG_WARN_SUSPICIOUS_MOVE = YES;
				CLANG_WARN_UNGUARDED_AVAILABILITY = YES_AGGRESSIVE;
				CLANG_WARN_UNREACHABLE_CODE = YES;
				CLANG_WARN__DUPLICATE_METHOD_MATCH = YES;
				CODE_SIGN_IDENTITY = "iPhone Developer";
				COPY_PHASE_STRIP = NO;
				DEBUG_INFORMATION_FORMAT = "dwarf-with-dsym";
				ENABLE_NS_ASSERTIONS = NO;
				ENABLE_STRICT_OBJC_MSGSEND = YES;
				GCC_C_LANGUAGE_STANDARD = gnu11;
				GCC_NO_COMMON_BLOCKS = YES;
				GCC_WARN_64_TO_32_BIT_CONVERSION = YES;
				GCC_WARN_ABOUT_RETURN_TYPE = YES_ERROR;
				GCC_WARN_UNDECLARED_SELECTOR = YES;
				GCC_WARN_UNINITIALIZED_AUTOS = YES_AGGRESSIVE;
				GCC_WARN_UNUSED_FUNCTION = YES;
				GCC_WARN_UNUSED_VARIABLE = YES;
				IPHONEOS_DEPLOYMENT_TARGET = 12.0;
				MTL_ENABLE_DEBUG_INFO = NO;
				MTL_FAST_MATH = YES;
				SDKROOT = iphoneos;
				SWIFT_COMPILATION_MODE = wholemodule;
				SWIFT_OPTIMIZATION_LEVEL = "-O";
				VALIDATE_PRODUCT = YES;
			};
			name = Release;
		};
		B458C30C2169134E0006B5AC /* Debug */ = {
			isa = XCBuildConfiguration;
			baseConfigurationReference = 410D2C3349DB98C413330885 /* Pods-BingeWorthy.debug.xcconfig */;
			buildSettings = {
				ASSETCATALOG_COMPILER_APPICON_NAME = AppIcon;
				CODE_SIGN_STYLE = Automatic;
				DEVELOPMENT_TEAM = 2XPZNY5GTW;
				INFOPLIST_FILE = BingeWorthy/Info.plist;
				LD_RUNPATH_SEARCH_PATHS = (
					"$(inherited)",
					"@executable_path/Frameworks",
				);
				PRODUCT_BUNDLE_IDENTIFIER = jcole.BingeWorthy;
				PRODUCT_NAME = "$(TARGET_NAME)";
				SWIFT_VERSION = 4.2;
				TARGETED_DEVICE_FAMILY = "1,2";
			};
			name = Debug;
		};
		B458C30D2169134E0006B5AC /* Release */ = {
			isa = XCBuildConfiguration;
			baseConfigurationReference = 11FB09ACFFD894EB484006D7 /* Pods-BingeWorthy.release.xcconfig */;
			buildSettings = {
				ASSETCATALOG_COMPILER_APPICON_NAME = AppIcon;
				CODE_SIGN_STYLE = Automatic;
				DEVELOPMENT_TEAM = 2XPZNY5GTW;
				INFOPLIST_FILE = BingeWorthy/Info.plist;
				LD_RUNPATH_SEARCH_PATHS = (
					"$(inherited)",
					"@executable_path/Frameworks",
				);
				PRODUCT_BUNDLE_IDENTIFIER = jcole.BingeWorthy;
				PRODUCT_NAME = "$(TARGET_NAME)";
				SWIFT_VERSION = 4.2;
				TARGETED_DEVICE_FAMILY = "1,2";
			};
			name = Release;
		};
		B458C30F2169134E0006B5AC /* Debug */ = {
			isa = XCBuildConfiguration;
			baseConfigurationReference = 93265F1988E0448A13EBF5A8 /* Pods-BingeWorthyTests.debug.xcconfig */;
			buildSettings = {
				ALWAYS_EMBED_SWIFT_STANDARD_LIBRARIES = YES;
				BUNDLE_LOADER = "$(TEST_HOST)";
				CODE_SIGN_STYLE = Automatic;
				INFOPLIST_FILE = BingeWorthyTests/Info.plist;
				LD_RUNPATH_SEARCH_PATHS = (
					"$(inherited)",
					"@executable_path/Frameworks",
					"@loader_path/Frameworks",
				);
				PRODUCT_BUNDLE_IDENTIFIER = jcole.BingeWorthyTests;
				PRODUCT_NAME = "$(TARGET_NAME)";
				SWIFT_VERSION = 4.2;
				TARGETED_DEVICE_FAMILY = "1,2";
				TEST_HOST = "$(BUILT_PRODUCTS_DIR)/BingeWorthy.app/BingeWorthy";
			};
			name = Debug;
		};
		B458C3102169134E0006B5AC /* Release */ = {
			isa = XCBuildConfiguration;
			baseConfigurationReference = EE105045F68CEAFF8F6482CD /* Pods-BingeWorthyTests.release.xcconfig */;
			buildSettings = {
				ALWAYS_EMBED_SWIFT_STANDARD_LIBRARIES = YES;
				BUNDLE_LOADER = "$(TEST_HOST)";
				CODE_SIGN_STYLE = Automatic;
				INFOPLIST_FILE = BingeWorthyTests/Info.plist;
				LD_RUNPATH_SEARCH_PATHS = (
					"$(inherited)",
					"@executable_path/Frameworks",
					"@loader_path/Frameworks",
				);
				PRODUCT_BUNDLE_IDENTIFIER = jcole.BingeWorthyTests;
				PRODUCT_NAME = "$(TARGET_NAME)";
				SWIFT_VERSION = 4.2;
				TARGETED_DEVICE_FAMILY = "1,2";
				TEST_HOST = "$(BUILT_PRODUCTS_DIR)/BingeWorthy.app/BingeWorthy";
			};
			name = Release;
		};
		B458C3122169134E0006B5AC /* Debug */ = {
			isa = XCBuildConfiguration;
			baseConfigurationReference = 1B0CAB5DAE2F54DB7F94702A /* Pods-BingeWorthyUITests.debug.xcconfig */;
			buildSettings = {
				ALWAYS_EMBED_SWIFT_STANDARD_LIBRARIES = YES;
				CODE_SIGN_STYLE = Automatic;
				INFOPLIST_FILE = BingeWorthyUITests/Info.plist;
				LD_RUNPATH_SEARCH_PATHS = (
					"$(inherited)",
					"@executable_path/Frameworks",
					"@loader_path/Frameworks",
				);
				PRODUCT_BUNDLE_IDENTIFIER = jcole.BingeWorthyUITests;
				PRODUCT_NAME = "$(TARGET_NAME)";
				SWIFT_VERSION = 4.2;
				TARGETED_DEVICE_FAMILY = "1,2";
				TEST_TARGET_NAME = BingeWorthy;
			};
			name = Debug;
		};
		B458C3132169134E0006B5AC /* Release */ = {
			isa = XCBuildConfiguration;
			baseConfigurationReference = F51191D99DFAEB7C5ADAACDA /* Pods-BingeWorthyUITests.release.xcconfig */;
			buildSettings = {
				ALWAYS_EMBED_SWIFT_STANDARD_LIBRARIES = YES;
				CODE_SIGN_STYLE = Automatic;
				INFOPLIST_FILE = BingeWorthyUITests/Info.plist;
				LD_RUNPATH_SEARCH_PATHS = (
					"$(inherited)",
					"@executable_path/Frameworks",
					"@loader_path/Frameworks",
				);
				PRODUCT_BUNDLE_IDENTIFIER = jcole.BingeWorthyUITests;
				PRODUCT_NAME = "$(TARGET_NAME)";
				SWIFT_VERSION = 4.2;
				TARGETED_DEVICE_FAMILY = "1,2";
				TEST_TARGET_NAME = BingeWorthy;
			};
			name = Release;
		};
/* End XCBuildConfiguration section */

/* Begin XCConfigurationList section */
		B458C2DE2169134C0006B5AC /* Build configuration list for PBXProject "BingeWorthy" */ = {
			isa = XCConfigurationList;
			buildConfigurations = (
				B458C3092169134E0006B5AC /* Debug */,
				B458C30A2169134E0006B5AC /* Release */,
			);
			defaultConfigurationIsVisible = 0;
			defaultConfigurationName = Release;
		};
		B458C30B2169134E0006B5AC /* Build configuration list for PBXNativeTarget "BingeWorthy" */ = {
			isa = XCConfigurationList;
			buildConfigurations = (
				B458C30C2169134E0006B5AC /* Debug */,
				B458C30D2169134E0006B5AC /* Release */,
			);
			defaultConfigurationIsVisible = 0;
			defaultConfigurationName = Release;
		};
		B458C30E2169134E0006B5AC /* Build configuration list for PBXNativeTarget "BingeWorthyTests" */ = {
			isa = XCConfigurationList;
			buildConfigurations = (
				B458C30F2169134E0006B5AC /* Debug */,
				B458C3102169134E0006B5AC /* Release */,
			);
			defaultConfigurationIsVisible = 0;
			defaultConfigurationName = Release;
		};
		B458C3112169134E0006B5AC /* Build configuration list for PBXNativeTarget "BingeWorthyUITests" */ = {
			isa = XCConfigurationList;
			buildConfigurations = (
				B458C3122169134E0006B5AC /* Debug */,
				B458C3132169134E0006B5AC /* Release */,
			);
			defaultConfigurationIsVisible = 0;
			defaultConfigurationName = Release;
		};
/* End XCConfigurationList section */
	};
	rootObject = B458C2DB2169134C0006B5AC /* Project object */;
}
